github.com/kawakattsun/codebuild-go-modules-sample-private v0.0.0-20201106090935-37a9ca5059e5 h1:Yg8/U6G8eq3MdGLWj8oT/B1YVIs95jU3zazunHD516g=
github.com/kawakattsun/codebuild-go-modules-sample-private v0.0.0-20201106090935-37a9ca5059e5/go.mod h1:0E/AyTJfntv9lZFjlKQdthCWrp9FEiNVy5Dw7ICt08E=
github.com/kawakattsun/codebuild-go-modules-sample-private v0.1.0 h1:pkb5RacWPf9qNh6oBwdZQjQVNAm4dTSK62gXdLIz4nE=
github.com/kawakattsun/codebuild-go-modules-sample-private v0.1.0/go.mod h1:0E/AyTJfntv9lZFjlKQdthCWrp9FEiNVy5Dw7ICt08E=
